
Microsoft Visual Studio Solution File, Format Version 12.00
# Visual Studio Version 17
VisualStudioVersion = 17.9.34622.214
MinimumVisualStudioVersion = 10.0.40219.1
Project("{FAE04EC0-301F-11D3-BF4B-00C04F79EFBC}") = "Ferramenta_correzione", "Ferramenta_correzione.csproj", "{932F03BE-742E-44DE-B008-71E9998DD4BA}"
EndProject
Global
	GlobalSection(SolutionConfigurationPlatforms) = preSolution
		Debug|Any CPU = Debug|Any CPU
		Release|Any CPU = Release|Any CPU
	EndGlobalSection
	GlobalSection(ProjectConfigurationPlatforms) = postSolution
		{932F03BE-742E-44DE-B008-71E9998DD4BA}.Debug|Any CPU.ActiveCfg = Debug|Any CPU
		{932F03BE-742E-44DE-B008-71E9998DD4BA}.Debug|Any CPU.Build.0 = Debug|Any CPU
		{932F03BE-742E-44DE-B008-71E9998DD4BA}.Release|Any CPU.ActiveCfg = Release|Any CPU
		{932F03BE-742E-44DE-B008-71E9998DD4BA}.Release|Any CPU.Build.0 = Release|Any CPU
	EndGlobalSection
	GlobalSection(SolutionProperties) = preSolution
		HideSolutionNode = FALSE
	EndGlobalSection
	GlobalSection(ExtensibilityGlobals) = postSolution
		SolutionGuid = {BF001655-0E6A-4B4B-B6A8-C7DD58716EEC}
	EndGlobalSection
EndGlobal
